
Microsoft Visual Studio Solution File, Format Version 12.00
# Visual Studio Version 17
Project("{8BC9CEB8-8B4A-11D0-8D11-00A0C91BC942}") = "ALL_BUILD", "ALL_BUILD.vcxproj", "{16511C80-6233-35D5-81A2-5E0C7E959BA9}"
	ProjectSection(ProjectDependencies) = postProject
		{5314673C-257D-3F30-9511-25780C5AA84A} = {5314673C-257D-3F30-9511-25780C5AA84A}
		{B4363FF6-2F76-3C90-B260-20461B821B44} = {B4363FF6-2F76-3C90-B260-20461B821B44}
		{D4604622-326B-3B62-81A7-BDEDA99E7375} = {D4604622-326B-3B62-81A7-BDEDA99E7375}
		{A2D846E4-1ABB-35B7-817C-D66A7D51FD52} = {A2D846E4-1ABB-35B7-817C-D66A7D51FD52}
	EndProjectSection
EndProject
Project("{8BC9CEB8-8B4A-11D0-8D11-00A0C91BC942}") = "DebugTrace", "DebugTrace.vcxproj", "{5314673C-257D-3F30-9511-25780C5AA84A}"
	ProjectSection(ProjectDependencies) = postProject
		{A2D846E4-1ABB-35B7-817C-D66A7D51FD52} = {A2D846E4-1ABB-35B7-817C-D66A7D51FD52}
	EndProjectSection
EndProject
Project("{8BC9CEB8-8B4A-11D0-8D11-00A0C91BC942}") = "LuotiAniTool", "LuotiAniTool.vcxproj", "{B4363FF6-2F76-3C90-B260-20461B821B44}"
	ProjectSection(ProjectDependencies) = postProject
		{5314673C-257D-3F30-9511-25780C5AA84A} = {5314673C-257D-3F30-9511-25780C5AA84A}
		{D4604622-326B-3B62-81A7-BDEDA99E7375} = {D4604622-326B-3B62-81A7-BDEDA99E7375}
		{A2D846E4-1ABB-35B7-817C-D66A7D51FD52} = {A2D846E4-1ABB-35B7-817C-D66A7D51FD52}
	EndProjectSection
EndProject
Project("{8BC9CEB8-8B4A-11D0-8D11-00A0C91BC942}") = "UIControls", "UIControls\UIControls.vcxproj", "{D4604622-326B-3B62-81A7-BDEDA99E7375}"
	ProjectSection(ProjectDependencies) = postProject
		{A2D846E4-1ABB-35B7-817C-D66A7D51FD52} = {A2D846E4-1ABB-35B7-817C-D66A7D51FD52}
	EndProjectSection
EndProject
Project("{8BC9CEB8-8B4A-11D0-8D11-00A0C91BC942}") = "ZERO_CHECK", "ZERO_CHECK.vcxproj", "{A2D846E4-1ABB-35B7-817C-D66A7D51FD52}"
	ProjectSection(ProjectDependencies) = postProject
	EndProjectSection
EndProject
Global
	GlobalSection(SolutionConfigurationPlatforms) = preSolution
		Debug|x64 = Debug|x64
		Release|x64 = Release|x64
		MinSizeRel|x64 = MinSizeRel|x64
		RelWithDebInfo|x64 = RelWithDebInfo|x64
	EndGlobalSection
	GlobalSection(ProjectConfigurationPlatforms) = postSolution
		{16511C80-6233-35D5-81A2-5E0C7E959BA9}.Debug|x64.ActiveCfg = Debug|x64
		{16511C80-6233-35D5-81A2-5E0C7E959BA9}.Release|x64.ActiveCfg = Release|x64
		{16511C80-6233-35D5-81A2-5E0C7E959BA9}.MinSizeRel|x64.ActiveCfg = MinSizeRel|x64
		{16511C80-6233-35D5-81A2-5E0C7E959BA9}.RelWithDebInfo|x64.ActiveCfg = RelWithDebInfo|x64
		{5314673C-257D-3F30-9511-25780C5AA84A}.Debug|x64.ActiveCfg = Debug|x64
		{5314673C-257D-3F30-9511-25780C5AA84A}.Debug|x64.Build.0 = Debug|x64
		{5314673C-257D-3F30-9511-25780C5AA84A}.Release|x64.ActiveCfg = Release|x64
		{5314673C-257D-3F30-9511-25780C5AA84A}.Release|x64.Build.0 = Release|x64
		{5314673C-257D-3F30-9511-25780C5AA84A}.MinSizeRel|x64.ActiveCfg = MinSizeRel|x64
		{5314673C-257D-3F30-9511-25780C5AA84A}.MinSizeRel|x64.Build.0 = MinSizeRel|x64
		{5314673C-257D-3F30-9511-25780C5AA84A}.RelWithDebInfo|x64.ActiveCfg = RelWithDebInfo|x64
		{5314673C-257D-3F30-9511-25780C5AA84A}.RelWithDebInfo|x64.Build.0 = RelWithDebInfo|x64
		{B4363FF6-2F76-3C90-B260-20461B821B44}.Debug|x64.ActiveCfg = Debug|x64
		{B4363FF6-2F76-3C90-B260-20461B821B44}.Debug|x64.Build.0 = Debug|x64
		{B4363FF6-2F76-3C90-B260-20461B821B44}.Release|x64.ActiveCfg = Release|x64
		{B4363FF6-2F76-3C90-B260-20461B821B44}.Release|x64.Build.0 = Release|x64
		{B4363FF6-2F76-3C90-B260-20461B821B44}.MinSizeRel|x64.ActiveCfg = MinSizeRel|x64
		{B4363FF6-2F76-3C90-B260-20461B821B44}.MinSizeRel|x64.Build.0 = MinSizeRel|x64
		{B4363FF6-2F76-3C90-B260-20461B821B44}.RelWithDebInfo|x64.ActiveCfg = RelWithDebInfo|x64
		{B4363FF6-2F76-3C90-B260-20461B821B44}.RelWithDebInfo|x64.Build.0 = RelWithDebInfo|x64
		{D4604622-326B-3B62-81A7-BDEDA99E7375}.Debug|x64.ActiveCfg = Debug|x64
		{D4604622-326B-3B62-81A7-BDEDA99E7375}.Debug|x64.Build.0 = Debug|x64
		{D4604622-326B-3B62-81A7-BDEDA99E7375}.Release|x64.ActiveCfg = Release|x64
		{D4604622-326B-3B62-81A7-BDEDA99E7375}.Release|x64.Build.0 = Release|x64
		{D4604622-326B-3B62-81A7-BDEDA99E7375}.MinSizeRel|x64.ActiveCfg = MinSizeRel|x64
		{D4604622-326B-3B62-81A7-BDEDA99E7375}.MinSizeRel|x64.Build.0 = MinSizeRel|x64
		{D4604622-326B-3B62-81A7-BDEDA99E7375}.RelWithDebInfo|x64.ActiveCfg = RelWithDebInfo|x64
		{D4604622-326B-3B62-81A7-BDEDA99E7375}.RelWithDebInfo|x64.Build.0 = RelWithDebInfo|x64
		{A2D846E4-1ABB-35B7-817C-D66A7D51FD52}.Debug|x64.ActiveCfg = Debug|x64
		{A2D846E4-1ABB-35B7-817C-D66A7D51FD52}.Debug|x64.Build.0 = Debug|x64
		{A2D846E4-1ABB-35B7-817C-D66A7D51FD52}.Release|x64.ActiveCfg = Release|x64
		{A2D846E4-1ABB-35B7-817C-D66A7D51FD52}.Release|x64.Build.0 = Release|x64
		{A2D846E4-1ABB-35B7-817C-D66A7D51FD52}.MinSizeRel|x64.ActiveCfg = MinSizeRel|x64
		{A2D846E4-1ABB-35B7-817C-D66A7D51FD52}.MinSizeRel|x64.Build.0 = MinSizeRel|x64
		{A2D846E4-1ABB-35B7-817C-D66A7D51FD52}.RelWithDebInfo|x64.ActiveCfg = RelWithDebInfo|x64
		{A2D846E4-1ABB-35B7-817C-D66A7D51FD52}.RelWithDebInfo|x64.Build.0 = RelWithDebInfo|x64
	EndGlobalSection
	GlobalSection(ExtensibilityGlobals) = postSolution
		SolutionGuid = {0ECD40BB-CC7A-34B2-B8D1-7A33212BC445}
	EndGlobalSection
	GlobalSection(ExtensibilityAddIns) = postSolution
	EndGlobalSection
EndGlobal
